{
  "name": "board-control",
  "version": "1.0.0",
  "lockfileVersion": 1,
  "requires": true,
  "dependencies": {
    "@types/events": {
      "version": "3.0.0",
      "resolved": "https://registry.npmjs.org/@types/events/-/events-3.0.0.tgz",
      "integrity": "sha512-EaObqwIvayI5a8dCzhFrjKzVwKLxjoG9T6Ppd5CEo07LRKfQ8Yokw54r5+Wq7FaBQ+yXRvQAYPrHwya1/UFt9g=="
    },
    "@types/glob": {
      "version": "7.1.1",
      "resolved": "https://registry.npmjs.org/@types/glob/-/glob-7.1.1.tgz",
      "integrity": "sha512-1Bh06cbWJUHMC97acuD6UMG29nMt0Aqz1vF3guLfG+kHHJhy3AyohZFFxYk2f7Q1SQIrNwvncxAE0N/9s70F2w==",
      "requires": {
        "@types/events": "*",
        "@types/minimatch": "*",
        "@types/node": "*"
      }
    },
    "@types/minimatch": {
      "version": "3.0.3",
      "resolved": "https://registry.npmjs.org/@types/minimatch/-/minimatch-3.0.3.tgz",
      "integrity": "sha512-tHq6qdbT9U1IRSGf14CL0pUlULksvY9OZ+5eEgl1N7t+OA3tGvNpxJCzuKQlsNgCVwbAs670L1vcVQi8j9HjnA=="
    },
    "@types/node": {
      "version": "11.11.3",
      "resolved": "https://registry.npmjs.org/@types/node/-/node-11.11.3.tgz",
      "integrity": "sha512-wp6IOGu1lxsfnrD+5mX6qwSwWuqsdkKKxTN4aQc4wByHAKZJf9/D4KXPQ1POUjEbnCP5LMggB0OEFNY9OTsMqg=="
    },
    "abstract-logging": {
      "version": "1.0.0",
      "resolved": "https://registry.npmjs.org/abstract-logging/-/abstract-logging-1.0.0.tgz",
      "integrity": "sha1-i33q/TEFWbwo93ck3RuzAXcnjBs="
    },
    "ajv": {
      "version": "6.10.0",
      "resolved": "https://registry.npmjs.org/ajv/-/ajv-6.10.0.tgz",
      "integrity": "sha512-nffhOpkymDECQyR0mnsUtoCE8RlX38G0rYP+wgLWFyZuUyuuojSSvi/+euOiQBIn63whYwYVIIH1TvE3tu4OEg==",
      "requires": {
        "fast-deep-equal": "^2.0.1",
        "fast-json-stable-stringify": "^2.0.0",
        "json-schema-traverse": "^0.4.1",
        "uri-js": "^4.2.2"
      }
    },
    "archy": {
      "version": "1.0.0",
      "resolved": "https://registry.npmjs.org/archy/-/archy-1.0.0.tgz",
      "integrity": "sha1-+cjBN1fMHde8N5rHeyxipcKGjEA="
    },
    "avvio": {
      "version": "6.2.0",
      "resolved": "https://registry.npmjs.org/avvio/-/avvio-6.2.0.tgz",
      "integrity": "sha512-zEd82xsl60/FkeQ5P3jqflS6Hh7NbzAVAgTIVbCeUbg82hdkO2SNKN/w15f6KjbEAbIzN+V9ji4O9+aEsKgrvA==",
      "requires": {
        "archy": "^1.0.0",
        "debug": "^4.0.0",
        "fastq": "^1.6.0"
      },
      "dependencies": {
        "debug": {
          "version": "4.1.1",
          "resolved": "https://registry.npmjs.org/debug/-/debug-4.1.1.tgz",
          "integrity": "sha512-pYAIzeRo8J6KPEaJ0VWOh5Pzkbw/RetuzehGM7QRRX5he4fPHx2rdKMB256ehJCkX+XRQm16eZLqLNS8RSZXZw==",
          "requires": {
            "ms": "^2.1.1"
          }
        }
      }
    },
    "axios": {
      "version": "0.18.0",
      "resolved": "https://registry.npmjs.org/axios/-/axios-0.18.0.tgz",
      "integrity": "sha1-MtU+SFHv3AoRmTts0AB4nXDAUQI=",
      "requires": {
        "follow-redirects": "^1.3.0",
        "is-buffer": "^1.1.5"
      }
    },
    "balanced-match": {
      "version": "1.0.0",
      "resolved": "https://registry.npmjs.org/balanced-match/-/balanced-match-1.0.0.tgz",
      "integrity": "sha1-ibTRmasr7kneFk6gK4nORi1xt2c="
    },
    "bindings": {
      "version": "1.2.1",
      "resolved": "https://registry.npmjs.org/bindings/-/bindings-1.2.1.tgz",
      "integrity": "sha1-FK1hE4EtLTfXLme0ystLtyZQXxE="
    },
    "bourne": {
      "version": "1.1.2",
      "resolved": "https://registry.npmjs.org/bourne/-/bourne-1.1.2.tgz",
      "integrity": "sha512-b2dgVkTZhkQirNMohgC00rWfpVqEi9y5tKM1k3JvoNx05ODtfQoPPd4js9CYFQoY0IM8LAmnJulEuWv74zjUOg=="
    },
    "brace-expansion": {
      "version": "1.1.11",
      "resolved": "https://registry.npmjs.org/brace-expansion/-/brace-expansion-1.1.11.tgz",
      "integrity": "sha512-iCuPHDFgrHX7H2vEI/5xpz07zSHB00TpugqhmYtVmMO6518mCuRMoOYFldEBl0g187ufozdaHgWKcYFb61qGiA==",
      "requires": {
        "balanced-match": "^1.0.0",
        "concat-map": "0.0.1"
      }
    },
    "concat-map": {
      "version": "0.0.1",
      "resolved": "https://registry.npmjs.org/concat-map/-/concat-map-0.0.1.tgz",
      "integrity": "sha1-2Klr13/Wjfd5OnMDajug1UBdR3s="
    },
    "debug": {
      "version": "3.2.6",
      "resolved": "https://registry.npmjs.org/debug/-/debug-3.2.6.tgz",
      "integrity": "sha512-mel+jf7nrtEl5Pn1Qx46zARXKDpBbvzezse7p7LqINmdoIk8PYP5SySaxEmYv6TZ0JyEKA1hsCId6DIhgITtWQ==",
      "requires": {
        "ms": "^2.1.1"
      }
    },
    "deepmerge": {
      "version": "3.2.0",
      "resolved": "https://registry.npmjs.org/deepmerge/-/deepmerge-3.2.0.tgz",
      "integrity": "sha512-6+LuZGU7QCNUnAJyX8cIrlzoEgggTM6B7mm+znKOX4t5ltluT9KLjN6g61ECMS0LTsLW7yDpNoxhix5FZcrIow=="
    },
    "dotenv": {
      "version": "7.0.0",
      "resolved": "https://registry.npmjs.org/dotenv/-/dotenv-7.0.0.tgz",
      "integrity": "sha512-M3NhsLbV1i6HuGzBUH8vXrtxOk+tWmzWKDMbAVSUp3Zsjm7ywFeuwrUXhmhQyRK1q5B5GGy7hcXPbj3bnfZg2g=="
    },
    "fast-decode-uri-component": {
      "version": "1.0.1",
      "resolved": "https://registry.npmjs.org/fast-decode-uri-component/-/fast-decode-uri-component-1.0.1.tgz",
      "integrity": "sha512-WKgKWg5eUxvRZGwW8FvfbaH7AXSh2cL+3j5fMGzUMCxWBJ3dV3a7Wz8y2f/uQ0e3B6WmodD3oS54jTQ9HVTIIg=="
    },
    "fast-deep-equal": {
      "version": "2.0.1",
      "resolved": "https://registry.npmjs.org/fast-deep-equal/-/fast-deep-equal-2.0.1.tgz",
      "integrity": "sha1-ewUhjd+WZ79/Nwv3/bLLFf3Qqkk="
    },
    "fast-json-stable-stringify": {
      "version": "2.0.0",
      "resolved": "https://registry.npmjs.org/fast-json-stable-stringify/-/fast-json-stable-stringify-2.0.0.tgz",
      "integrity": "sha1-1RQsDK7msRifh9OnYREGT4bIu/I="
    },
    "fast-json-stringify": {
      "version": "1.11.3",
      "resolved": "https://registry.npmjs.org/fast-json-stringify/-/fast-json-stringify-1.11.3.tgz",
      "integrity": "sha512-Nx9oURoGD4XYFueNkNzaameSQIcBw2HQrnsnJaRb4PFrlW3/88zusG65pzHA0P7+g5Hn7hyawG3/nCKs3NUAhQ==",
      "requires": {
        "ajv": "^6.8.1",
        "deepmerge": "^3.0.0"
      }
    },
    "fast-redact": {
      "version": "1.4.4",
      "resolved": "https://registry.npmjs.org/fast-redact/-/fast-redact-1.4.4.tgz",
      "integrity": "sha512-QOQZ8sDDQPZMJ6x6zlm6hLZ2cjPDqfN3R/AYnAbM+yy8VNPvOnVXdUF/E/xbMv7g44c1krhWuzgjH2u0V5Vhsg=="
    },
    "fast-safe-stringify": {
      "version": "2.0.6",
      "resolved": "https://registry.npmjs.org/fast-safe-stringify/-/fast-safe-stringify-2.0.6.tgz",
      "integrity": "sha512-q8BZ89jjc+mz08rSxROs8VsrBBcn1SIw1kq9NjolL509tkABRk9io01RAjSaEv1Xb2uFLt8VtRiZbGp5H8iDtg=="
    },
    "fastify": {
      "version": "2.1.0",
      "resolved": "https://registry.npmjs.org/fastify/-/fastify-2.1.0.tgz",
      "integrity": "sha512-rktprBPTTt1aAsaiMjkbKVzmy/fhX5SGj1DkJY6wddBOzxHAKaQ7F3ia3n8tVPHw07JzNlTmJKtG4zHhnXEdlA==",
      "requires": {
        "abstract-logging": "^1.0.0",
        "ajv": "^6.9.2",
        "avvio": "^6.1.1",
        "bourne": "^1.1.2",
        "fast-json-stringify": "^1.11.2",
        "find-my-way": "^2.0.0",
        "flatstr": "^1.0.9",
        "light-my-request": "^3.2.0",
        "middie": "^4.0.1",
        "pino": "^5.11.1",
        "proxy-addr": "^2.0.4",
        "readable-stream": "^3.1.1",
        "rfdc": "^1.1.2",
        "tiny-lru": "^6.0.1"
      }
    },
    "fastq": {
      "version": "1.6.0",
      "resolved": "https://registry.npmjs.org/fastq/-/fastq-1.6.0.tgz",
      "integrity": "sha512-jmxqQ3Z/nXoeyDmWAzF9kH1aGZSis6e/SbfPmJpUnyZ0ogr6iscHQaml4wsEepEWSdtmpy+eVXmCRIMpxaXqOA==",
      "requires": {
        "reusify": "^1.0.0"
      }
    },
    "find-exec": {
      "version": "1.0.1",
      "resolved": "https://registry.npmjs.org/find-exec/-/find-exec-1.0.1.tgz",
      "integrity": "sha512-4o6QkGkpg3xK5s/47rdK9LDZRsE4JR1mrXnaAOXBngG6UKeIDJXfwtNCAkljgyy6VRh75D3FFaB0tii9vDEtIA=="
    },
    "find-my-way": {
      "version": "2.0.1",
      "resolved": "https://registry.npmjs.org/find-my-way/-/find-my-way-2.0.1.tgz",
      "integrity": "sha512-c+YnWk4LKcWSNu743wfoqNOZTYQ6kZ/kzZCjALGblLpzbEAv3INakGMZ1K/by+Wmf/NP3+3LpOQMOFw6/q52wQ==",
      "requires": {
        "fast-decode-uri-component": "^1.0.0",
        "safe-regex2": "^2.0.0",
        "semver-store": "^0.3.0"
      }
    },
    "flatstr": {
      "version": "1.0.9",
      "resolved": "https://registry.npmjs.org/flatstr/-/flatstr-1.0.9.tgz",
      "integrity": "sha512-qFlJnOBWDfIaunF54/lBqNKmXOI0HqNhu+mHkLmbaBXlS71PUd9OjFOdyevHt/aHoHB1+eW7eKHgRKOG5aHSpw=="
    },
    "follow-redirects": {
      "version": "1.7.0",
      "resolved": "https://registry.npmjs.org/follow-redirects/-/follow-redirects-1.7.0.tgz",
      "integrity": "sha512-m/pZQy4Gj287eNy94nivy5wchN3Kp+Q5WgUPNy5lJSZ3sgkVKSYV/ZChMAQVIgx1SqfZ2zBZtPA2YlXIWxxJOQ==",
      "requires": {
        "debug": "^3.2.6"
      }
    },
    "forwarded": {
      "version": "0.1.2",
      "resolved": "https://registry.npmjs.org/forwarded/-/forwarded-0.1.2.tgz",
      "integrity": "sha1-mMI9qxF1ZXuMBXPozszZGw/xjIQ="
    },
    "fs.realpath": {
      "version": "1.0.0",
      "resolved": "https://registry.npmjs.org/fs.realpath/-/fs.realpath-1.0.0.tgz",
      "integrity": "sha1-FQStJSMVjKpA20onh8sBQRmU6k8="
    },
    "glob": {
      "version": "7.1.3",
      "resolved": "https://registry.npmjs.org/glob/-/glob-7.1.3.tgz",
      "integrity": "sha512-vcfuiIxogLV4DlGBHIUOwI0IbrJ8HWPc4MU7HzviGeNho/UJDfi6B5p3sHeWIQ0KGIU0Jpxi5ZHxemQfLkkAwQ==",
      "requires": {
        "fs.realpath": "^1.0.0",
        "inflight": "^1.0.4",
        "inherits": "2",
        "minimatch": "^3.0.4",
        "once": "^1.3.0",
        "path-is-absolute": "^1.0.0"
      }
    },
    "glob-promise": {
      "version": "3.4.0",
      "resolved": "https://registry.npmjs.org/glob-promise/-/glob-promise-3.4.0.tgz",
      "integrity": "sha512-q08RJ6O+eJn+dVanerAndJwIcumgbDdYiUT7zFQl3Wm1xD6fBKtah7H8ZJChj4wP+8C+QfeVy8xautR7rdmKEw==",
      "requires": {
        "@types/glob": "*"
      }
    },
    "html-entities": {
      "version": "1.2.1",
      "resolved": "https://registry.npmjs.org/html-entities/-/html-entities-1.2.1.tgz",
      "integrity": "sha1-DfKTUfByEWNRXfueVUPl9u7VFi8="
    },
    "inflight": {
      "version": "1.0.6",
      "resolved": "https://registry.npmjs.org/inflight/-/inflight-1.0.6.tgz",
      "integrity": "sha1-Sb1jMdfQLQwJvJEKEHW6gWW1bfk=",
      "requires": {
        "once": "^1.3.0",
        "wrappy": "1"
      }
    },
    "inherits": {
      "version": "2.0.3",
      "resolved": "https://registry.npmjs.org/inherits/-/inherits-2.0.3.tgz",
      "integrity": "sha1-Yzwsg+PaQqUC9SRmAiSA9CCCYd4="
    },
    "ipaddr.js": {
      "version": "1.8.0",
      "resolved": "https://registry.npmjs.org/ipaddr.js/-/ipaddr.js-1.8.0.tgz",
      "integrity": "sha1-6qM9bd16zo9/b+DJygRA5wZzix4="
    },
    "is-buffer": {
      "version": "1.1.6",
      "resolved": "https://registry.npmjs.org/is-buffer/-/is-buffer-1.1.6.tgz",
      "integrity": "sha512-NcdALwpXkTm5Zvvbk7owOUSvVvBKDgKP5/ewfXEznmQFfs4ZRmanOeKBTjRVjka3QFoN6XJ+9F3USqfHqTaU5w=="
    },
    "json-schema-traverse": {
      "version": "0.4.1",
      "resolved": "https://registry.npmjs.org/json-schema-traverse/-/json-schema-traverse-0.4.1.tgz",
      "integrity": "sha512-xbbCH5dCYU5T8LcEhhuh7HJ88HXuW3qsI3Y0zOZFKfZEHcpWiHU/Jxzk629Brsab/mMiHQti9wMP+845RPe3Vg=="
    },
    "launchpad-mini": {
      "version": "2.1.2",
      "resolved": "https://registry.npmjs.org/launchpad-mini/-/launchpad-mini-2.1.2.tgz",
      "integrity": "sha512-iKaWNTuapeL2oqNxdNBL0ZMRQGsAJ6SuvOaPR0nHJjEqVsAK5Jd5xnVkm3ZlG0eOZYJMBSXoTOoy0uVSOkXCgg==",
      "requires": {
        "midi": "^0.9.4"
      }
    },
    "light-my-request": {
      "version": "3.2.0",
      "resolved": "https://registry.npmjs.org/light-my-request/-/light-my-request-3.2.0.tgz",
      "integrity": "sha512-XpNvOFfoQRLPNIFLB6YFjwQj61DyAAW+N08C3KXf+SwbJjZjrZk7gh8IYR8gML96QBM4NAT2Mwhi3tHvrKxnMw==",
      "requires": {
        "ajv": "^6.8.1",
        "readable-stream": "^3.1.1"
      }
    },
    "m3u8stream": {
      "version": "0.6.2",
      "resolved": "https://registry.npmjs.org/m3u8stream/-/m3u8stream-0.6.2.tgz",
      "integrity": "sha512-WsuM2bd5pPN80xvfrB+1DZqr4M7+kJl8byi6+ZCy6cmVjEiHhmr/desN53Ngsa6Hs13kYumeVgT4wL0oIJ+v6g==",
      "requires": {
        "miniget": "^1.4.0",
        "sax": "^1.2.4"
      }
    },
    "middie": {
      "version": "4.0.1",
      "resolved": "https://registry.npmjs.org/middie/-/middie-4.0.1.tgz",
      "integrity": "sha512-eYK6EEHZiYpQMYPmeCb/vC9ZzJg1HCqi1ot/fQs1sPZKt/XREgXouQ7g6c9J5XvDV5203JjbpovCYNkHcHgTpQ==",
      "requires": {
        "path-to-regexp": "^3.0.0",
        "reusify": "^1.0.2"
      }
    },
    "midi": {
      "version": "0.9.5",
      "resolved": "https://registry.npmjs.org/midi/-/midi-0.9.5.tgz",
      "integrity": "sha1-/DI6/z6BsNQJnK7q1TW6Z5xunYg=",
      "requires": {
        "bindings": "~1.2.1",
        "nan": "^2.3.3"
      }
    },
    "miniget": {
      "version": "1.5.1",
      "resolved": "https://registry.npmjs.org/miniget/-/miniget-1.5.1.tgz",
      "integrity": "sha512-KJ3AyIVZ76QuWAq43BWjkK+jLdhxhy3s4tsdg9Je91+cIFkeOSW2VEj2lSeKw50CPu1eCCkSbiQEBKL36mpA5w=="
    },
    "minimatch": {
      "version": "3.0.4",
      "resolved": "https://registry.npmjs.org/minimatch/-/minimatch-3.0.4.tgz",
      "integrity": "sha512-yJHVQEhyqPLUTgt9B83PXu6W3rx4MvvHvSUvToogpwoGDOUQ+yDrR0HRot+yOCdCO7u4hX3pWft6kWBBcqh0UA==",
      "requires": {
        "brace-expansion": "^1.1.7"
      }
    },
    "ms": {
      "version": "2.1.1",
      "resolved": "https://registry.npmjs.org/ms/-/ms-2.1.1.tgz",
      "integrity": "sha512-tgp+dl5cGk28utYktBsrFqA7HKgrhgPsg6Z/EfhWI4gl1Hwq8B/GmY/0oXZ6nF8hDVesS/FpnYaD/kOWhYQvyg=="
    },
    "nan": {
      "version": "2.13.1",
      "resolved": "https://registry.npmjs.org/nan/-/nan-2.13.1.tgz",
      "integrity": "sha512-I6YB/YEuDeUZMmhscXKxGgZlFnhsn5y0hgOZBadkzfTRrZBtJDZeg6eQf7PYMIEclwmorTKK8GztsyOUSVBREA=="
    },
    "once": {
      "version": "1.4.0",
      "resolved": "https://registry.npmjs.org/once/-/once-1.4.0.tgz",
      "integrity": "sha1-WDsap3WWHUsROsF9nFC6753Xa9E=",
      "requires": {
        "wrappy": "1"
      }
    },
    "path-is-absolute": {
      "version": "1.0.1",
      "resolved": "https://registry.npmjs.org/path-is-absolute/-/path-is-absolute-1.0.1.tgz",
      "integrity": "sha1-F0uSaHNVNP+8es5r9TpanhtcX18="
    },
    "path-to-regexp": {
      "version": "3.0.0",
      "resolved": "https://registry.npmjs.org/path-to-regexp/-/path-to-regexp-3.0.0.tgz",
      "integrity": "sha512-ZOtfhPttCrqp2M1PBBH4X13XlvnfhIwD7yCLx+GoGoXRPQyxGOTdQMpIzPSPKXAJT/JQrdfFrgdJOyAzvgpQ9A=="
    },
    "pino": {
      "version": "5.11.1",
      "resolved": "https://registry.npmjs.org/pino/-/pino-5.11.1.tgz",
      "integrity": "sha512-NIua0mGb9Adknq35ONvQmvh93LCUVUjp2+1q1EcvIkJmpJnSd3E5rHVKlKNjzMXFl/z3fI+QA0xXCjPEKNiLvQ==",
      "requires": {
        "fast-redact": "^1.4.2",
        "fast-safe-stringify": "^2.0.6",
        "flatstr": "^1.0.9",
        "pino-std-serializers": "^2.3.0",
        "quick-format-unescaped": "^3.0.0",
        "sonic-boom": "^0.7.1"
      }
    },
    "pino-std-serializers": {
      "version": "2.3.0",
      "resolved": "https://registry.npmjs.org/pino-std-serializers/-/pino-std-serializers-2.3.0.tgz",
      "integrity": "sha512-klfGoOsP6sJH7ON796G4xoUSx2fkpFgKHO4YVVO2zmz31jR+etzc/QzGJILaOIiCD6HTCFgkPx+XN8nk+ruqPw=="
    },
    "play-sound": {
      "version": "1.1.3",
      "resolved": "https://registry.npmjs.org/play-sound/-/play-sound-1.1.3.tgz",
      "integrity": "sha512-lqEzgtNAdfg2VUXItOtu5bTyWcqeFmnJmgvc8iHEeEOBEJdurqiGYfmCOzIpSBcwrs7XeSpvHv+Rw9dzRPc4aw==",
      "requires": {
        "find-exec": "1.0.1"
      }
    },
    "proxy-addr": {
      "version": "2.0.4",
      "resolved": "https://registry.npmjs.org/proxy-addr/-/proxy-addr-2.0.4.tgz",
      "integrity": "sha512-5erio2h9jp5CHGwcybmxmVqHmnCBZeewlfJ0pex+UW7Qny7OOZXTtH56TGNyBizkgiOwhJtMKrVzDTeKcySZwA==",
      "requires": {
        "forwarded": "~0.1.2",
        "ipaddr.js": "1.8.0"
      }
    },
    "punycode": {
      "version": "2.1.1",
      "resolved": "https://registry.npmjs.org/punycode/-/punycode-2.1.1.tgz",
      "integrity": "sha512-XRsRjdf+j5ml+y/6GKHPZbrF/8p2Yga0JPtdqTIY2Xe5ohJPD9saDJJLPvp9+NSBprVvevdXZybnj2cv8OEd0A=="
    },
    "quick-format-unescaped": {
      "version": "3.0.2",
      "resolved": "https://registry.npmjs.org/quick-format-unescaped/-/quick-format-unescaped-3.0.2.tgz",
      "integrity": "sha512-FXTaCkwvpIlkdKeGDNgcq07SXWS383noQUuZjvdE1QcTt+eLuqof6/BDiEPqB59FWLie/l91+HtlJSw7iCViSA=="
    },
    "readable-stream": {
      "version": "3.2.0",
      "resolved": "https://registry.npmjs.org/readable-stream/-/readable-stream-3.2.0.tgz",
      "integrity": "sha512-RV20kLjdmpZuTF1INEb9IA3L68Nmi+Ri7ppZqo78wj//Pn62fCoJyV9zalccNzDD/OuJpMG4f+pfMl8+L6QdGw==",
      "requires": {
        "inherits": "^2.0.3",
        "string_decoder": "^1.1.1",
        "util-deprecate": "^1.0.1"
      }
    },
    "ret": {
      "version": "0.2.2",
      "resolved": "https://registry.npmjs.org/ret/-/ret-0.2.2.tgz",
      "integrity": "sha512-M0b3YWQs7R3Z917WRQy1HHA7Ba7D8hvZg6UE5mLykJxQVE2ju0IXbGlaHPPlkY+WN7wFP+wUMXmBFA0aV6vYGQ=="
    },
    "reusify": {
      "version": "1.0.4",
      "resolved": "https://registry.npmjs.org/reusify/-/reusify-1.0.4.tgz",
      "integrity": "sha512-U9nH88a3fc/ekCF1l0/UP1IosiuIjyTh7hBvXVMHYgVcfGvt897Xguj2UOLDeI5BG2m7/uwyaLVT6fbtCwTyzw=="
    },
    "rfdc": {
      "version": "1.1.2",
      "resolved": "https://registry.npmjs.org/rfdc/-/rfdc-1.1.2.tgz",
      "integrity": "sha512-92ktAgvZhBzYTIK0Mja9uen5q5J3NRVMoDkJL2VMwq6SXjVCgqvQeVP2XAaUY6HT+XpQYeLSjb3UoitBryKmdA=="
    },
    "safe-buffer": {
      "version": "5.1.2",
      "resolved": "https://registry.npmjs.org/safe-buffer/-/safe-buffer-5.1.2.tgz",
      "integrity": "sha512-Gd2UZBJDkXlY7GbJxfsE8/nvKkUEU1G38c1siN6QP6a9PT9MmHB8GnpscSmMJSoF8LOIrt8ud/wPtojys4G6+g=="
    },
    "safe-regex2": {
      "version": "2.0.0",
      "resolved": "https://registry.npmjs.org/safe-regex2/-/safe-regex2-2.0.0.tgz",
      "integrity": "sha512-PaUSFsUaNNuKwkBijoAPHAK6/eM6VirvyPWlZ7BAQy4D+hCvh4B6lIG+nPdhbFfIbP+gTGBcrdsOaUs0F+ZBOQ==",
      "requires": {
        "ret": "~0.2.0"
      }
    },
    "sax": {
      "version": "1.2.4",
      "resolved": "https://registry.npmjs.org/sax/-/sax-1.2.4.tgz",
      "integrity": "sha512-NqVDv9TpANUjFm0N8uM5GxL36UgKi9/atZw+x7YFnQ8ckwFGKrl4xX4yWtrey3UJm5nP1kUbnYgLopqWNSRhWw=="
    },
    "semver": {
      "version": "5.6.0",
      "resolved": "https://registry.npmjs.org/semver/-/semver-5.6.0.tgz",
      "integrity": "sha512-RS9R6R35NYgQn++fkDWaOmqGoj4Ek9gGs+DPxNUZKuwE183xjJroKvyo1IzVFeXvUrvmALy6FWD5xrdJT25gMg=="
    },
    "semver-store": {
      "version": "0.3.0",
      "resolved": "https://registry.npmjs.org/semver-store/-/semver-store-0.3.0.tgz",
      "integrity": "sha512-TcZvGMMy9vodEFSse30lWinkj+JgOBvPn8wRItpQRSayhc+4ssDs335uklkfvQQJgL/WvmHLVj4Ycv2s7QCQMg=="
    },
    "sonic-boom": {
      "version": "0.7.3",
      "resolved": "https://registry.npmjs.org/sonic-boom/-/sonic-boom-0.7.3.tgz",
      "integrity": "sha512-A9EyoIeLD+g9vMLYQKjNCatJtAKdBQMW03+L8ZWWX/A6hq+srRCwdqHrBD1R8oSMLXov3oHN13dljtZf12q2Ow==",
      "requires": {
        "flatstr": "^1.0.9"
      }
    },
    "string_decoder": {
      "version": "1.2.0",
      "resolved": "https://registry.npmjs.org/string_decoder/-/string_decoder-1.2.0.tgz",
      "integrity": "sha512-6YqyX6ZWEYguAxgZzHGL7SsCeGx3V2TtOTqZz1xSTSWnqsbWwbptafNyvf/ACquZUXV3DANr5BDIwNYe1mN42w==",
      "requires": {
        "safe-buffer": "~5.1.0"
      }
    },
    "tiny-async-pool": {
      "version": "1.0.4",
      "resolved": "https://registry.npmjs.org/tiny-async-pool/-/tiny-async-pool-1.0.4.tgz",
      "integrity": "sha512-4gdLvReS3WwmPCxZjj38Go673xhEXlK77fVFA2x+dE2Bf9QzDkVQb3rdO1iJt337ybhir42m4zM2GHJjiuFwoA==",
      "requires": {
        "semver": "^5.5.0",
        "yaassertion": "^1.0.0"
      }
    },
    "tiny-lru": {
      "version": "6.0.1",
      "resolved": "https://registry.npmjs.org/tiny-lru/-/tiny-lru-6.0.1.tgz",
      "integrity": "sha512-k/vdHz+bFALjmik0URLWBYNuO0hCABTL5dullbZBXvFDdlL8RrKaeLR6YuHfX+6ZXOLkHw+HpNLCUA7DtLMQmg=="
    },
    "uri-js": {
      "version": "4.2.2",
      "resolved": "https://registry.npmjs.org/uri-js/-/uri-js-4.2.2.tgz",
      "integrity": "sha512-KY9Frmirql91X2Qgjry0Wd4Y+YTdrdZheS8TFwvkbLWf/G5KNJDCh6pKL5OZctEW4+0Baa5idK2ZQuELRwPznQ==",
      "requires": {
        "punycode": "^2.1.0"
      }
    },
    "util-deprecate": {
      "version": "1.0.2",
      "resolved": "https://registry.npmjs.org/util-deprecate/-/util-deprecate-1.0.2.tgz",
      "integrity": "sha1-RQ1Nyfpw3nMnYvvS1KKJgUGaDM8="
    },
    "wrappy": {
      "version": "1.0.2",
      "resolved": "https://registry.npmjs.org/wrappy/-/wrappy-1.0.2.tgz",
      "integrity": "sha1-tSQ9jz7BqjXxNkYFvA0QNuMKtp8="
    },
    "yaassertion": {
      "version": "1.0.0",
      "resolved": "https://registry.npmjs.org/yaassertion/-/yaassertion-1.0.0.tgz",
      "integrity": "sha512-fepEqRG+/2ZkJBf2ioA4LTOZUWrBN3F2EuKms3zE47M0zqph5aWs6SGiyz9wyzPkowhtiKapHV52IsRBfYCDwA=="
    },
    "ytdl-core": {
      "version": "0.29.1",
      "resolved": "https://registry.npmjs.org/ytdl-core/-/ytdl-core-0.29.1.tgz",
      "integrity": "sha512-J/TW3rupqE6y+TczHTTFjuwf23tweA9fasmnbU/5yYH0O2IRFLcwgHbbvEPt3t8mtXWGX207+TWH7uuJpB1FKQ==",
      "requires": {
        "html-entities": "^1.1.3",
        "m3u8stream": "^0.6.2",
        "miniget": "^1.4.0",
        "sax": "^1.1.3"
      }
    }
  }
}
